// !$*UTF8*$!
{
	archiveVersion = 1;
	classes = {
	};
	objectVersion = 50;
	objects = {

/* Begin PBXBuildFile section */
		3DF2318622B348D80036A9D7 /* AppDelegate.swift in Sources */ = {isa = PBXBuildFile; fileRef = 3DF2318522B348D80036A9D7 /* AppDelegate.swift */; };
		3DF2318822B348D80036A9D7 /* HomeViewController.swift in Sources */ = {isa = PBXBuildFile; fileRef = 3DF2318722B348D80036A9D7 /* HomeViewController.swift */; };
		3DF2318D22B348DF0036A9D7 /* Assets.xcassets in Resources */ = {isa = PBXBuildFile; fileRef = 3DF2318C22B348DF0036A9D7 /* Assets.xcassets */; };
		3DF2319022B348DF0036A9D7 /* LaunchScreen.storyboard in Resources */ = {isa = PBXBuildFile; fileRef = 3DF2318E22B348DF0036A9D7 /* LaunchScreen.storyboard */; };
		3DF2319C22B3E5AD0036A9D7 /* DetailViewController.swift in Sources */ = {isa = PBXBuildFile; fileRef = 3DF2319B22B3E5AD0036A9D7 /* DetailViewController.swift */; };
		3DF2319F22B3EEEB0036A9D7 /* NetworkManager.swift in Sources */ = {isa = PBXBuildFile; fileRef = 3DF2319E22B3EEEB0036A9D7 /* NetworkManager.swift */; };
		3DF231A122B3F14B0036A9D7 /* NetworkConfig.swift in Sources */ = {isa = PBXBuildFile; fileRef = 3DF231A022B3F14B0036A9D7 /* NetworkConfig.swift */; };
		3DF231A322B48F030036A9D7 /* Weather.swift in Sources */ = {isa = PBXBuildFile; fileRef = 3DF231A222B48F030036A9D7 /* Weather.swift */; };
		FC248E3380C4FCD6814ECA28 /* Pods_SwiftyWeather.framework in Frameworks */ = {isa = PBXBuildFile; fileRef = 8515E16833464371743292E2 /* Pods_SwiftyWeather.framework */; };
/* End PBXBuildFile section */

/* Begin PBXFileReference section */
		2EB1F3A3BDAE6C9C7FE005E8 /* Pods-SwiftyWeather.debug.xcconfig */ = {isa = PBXFileReference; includeInIndex = 1; lastKnownFileType = text.xcconfig; name = "Pods-SwiftyWeather.debug.xcconfig"; path = "Pods/Target Support Files/Pods-SwiftyWeather/Pods-SwiftyWeather.debug.xcconfig"; sourceTree = "<group>"; };
		2FFCD3D0F219E520F2683B1C /* Pods-SwiftyWeather.release.xcconfig */ = {isa = PBXFileReference; includeInIndex = 1; lastKnownFileType = text.xcconfig; name = "Pods-SwiftyWeather.release.xcconfig"; path = "Pods/Target Support Files/Pods-SwiftyWeather/Pods-SwiftyWeather.release.xcconfig"; sourceTree = "<group>"; };
		3DF2318222B348D80036A9D7 /* SwiftyWeather.app */ = {isa = PBXFileReference; explicitFileType = wrapper.application; includeInIndex = 0; path = SwiftyWeather.app; sourceTree = BUILT_PRODUCTS_DIR; };
		3DF2318522B348D80036A9D7 /* AppDelegate.swift */ = {isa = PBXFileReference; lastKnownFileType = sourcecode.swift; path = AppDelegate.swift; sourceTree = "<group>"; };
		3DF2318722B348D80036A9D7 /* HomeViewController.swift */ = {isa = PBXFileReference; lastKnownFileType = sourcecode.swift; path = HomeViewController.swift; sourceTree = "<group>"; };
		3DF2318C22B348DF0036A9D7 /* Assets.xcassets */ = {isa = PBXFileReference; lastKnownFileType = folder.assetcatalog; path = Assets.xcassets; sourceTree = "<group>"; };
		3DF2318F22B348DF0036A9D7 /* Base */ = {isa = PBXFileReference; lastKnownFileType = file.storyboard; name = Base; path = Base.lproj/LaunchScreen.storyboard; sourceTree = "<group>"; };
		3DF2319122B348DF0036A9D7 /* Info.plist */ = {isa = PBXFileReference; lastKnownFileType = text.plist.xml; path = Info.plist; sourceTree = "<group>"; };
		3DF2319B22B3E5AD0036A9D7 /* DetailViewController.swift */ = {isa = PBXFileReference; lastKnownFileType = sourcecode.swift; path = DetailViewController.swift; sourceTree = "<group>"; };
		3DF2319E22B3EEEB0036A9D7 /* NetworkManager.swift */ = {isa = PBXFileReference; lastKnownFileType = sourcecode.swift; path = NetworkManager.swift; sourceTree = "<group>"; };
		3DF231A022B3F14B0036A9D7 /* NetworkConfig.swift */ = {isa = PBXFileReference; lastKnownFileType = sourcecode.swift; path = NetworkConfig.swift; sourceTree = "<group>"; };
		3DF231A222B48F030036A9D7 /* Weather.swift */ = {isa = PBXFileReference; lastKnownFileType = sourcecode.swift; path = Weather.swift; sourceTree = "<group>"; };
		8515E16833464371743292E2 /* Pods_SwiftyWeather.framework */ = {isa = PBXFileReference; explicitFileType = wrapper.framework; includeInIndex = 0; path = Pods_SwiftyWeather.framework; sourceTree = BUILT_PRODUCTS_DIR; };
/* End PBXFileReference section */

/* Begin PBXFrameworksBuildPhase section */
		3DF2317F22B348D80036A9D7 /* Frameworks */ = {
			isa = PBXFrameworksBuildPhase;
			buildActionMask = 2147483647;
			files = (
				FC248E3380C4FCD6814ECA28 /* Pods_SwiftyWeather.framework in Frameworks */,
			);
			runOnlyForDeploymentPostprocessing = 0;
		};
/* End PBXFrameworksBuildPhase section */

/* Begin PBXGroup section */
		338770654A1321CD6D63FB30 /* Frameworks */ = {
			isa = PBXGroup;
			children = (
				8515E16833464371743292E2 /* Pods_SwiftyWeather.framework */,
			);
			name = Frameworks;
			sourceTree = "<group>";
		};
		3DF2317922B348D70036A9D7 = {
			isa = PBXGroup;
			children = (
				3DF2318422B348D80036A9D7 /* SwiftyWeather */,
				3DF2318322B348D80036A9D7 /* Products */,
				9B27062257F18C11ABCF0FDD /* Pods */,
				338770654A1321CD6D63FB30 /* Frameworks */,
			);
			sourceTree = "<group>";
		};
		3DF2318322B348D80036A9D7 /* Products */ = {
			isa = PBXGroup;
			children = (
				3DF2318222B348D80036A9D7 /* SwiftyWeather.app */,
			);
			name = Products;
			sourceTree = "<group>";
		};
		3DF2318422B348D80036A9D7 /* SwiftyWeather */ = {
			isa = PBXGroup;
			children = (
				3DF2318522B348D80036A9D7 /* AppDelegate.swift */,
				3DF2319722B3D5400036A9D7 /* Model */,
				3DF2319822B3D54A0036A9D7 /* View */,
				3DF2319922B3D5520036A9D7 /* ViewModel */,
				3DF2319D22B3E5BA0036A9D7 /* Networking */,
				3DF2318C22B348DF0036A9D7 /* Assets.xcassets */,
				3DF2318E22B348DF0036A9D7 /* LaunchScreen.storyboard */,
				3DF2319122B348DF0036A9D7 /* Info.plist */,
			);
			path = SwiftyWeather;
			sourceTree = "<group>";
		};
		3DF2319722B3D5400036A9D7 /* Model */ = {
			isa = PBXGroup;
			children = (
				3DF231A222B48F030036A9D7 /* Weather.swift */,
			);
			path = Model;
			sourceTree = "<group>";
		};
		3DF2319822B3D54A0036A9D7 /* View */ = {
			isa = PBXGroup;
			children = (
				3DF2318722B348D80036A9D7 /* HomeViewController.swift */,
				3DF2319B22B3E5AD0036A9D7 /* DetailViewController.swift */,
			);
			path = View;
			sourceTree = "<group>";
		};
		3DF2319922B3D5520036A9D7 /* ViewModel */ = {
			isa = PBXGroup;
			children = (
			);
			path = ViewModel;
			sourceTree = "<group>";
		};
		3DF2319D22B3E5BA0036A9D7 /* Networking */ = {
			isa = PBXGroup;
			children = (
				3DF231A022B3F14B0036A9D7 /* NetworkConfig.swift */,
				3DF2319E22B3EEEB0036A9D7 /* NetworkManager.swift */,
			);
			path = Networking;
			sourceTree = "<group>";
		};
		9B27062257F18C11ABCF0FDD /* Pods */ = {
			isa = PBXGroup;
			children = (
				2EB1F3A3BDAE6C9C7FE005E8 /* Pods-SwiftyWeather.debug.xcconfig */,
				2FFCD3D0F219E520F2683B1C /* Pods-SwiftyWeather.release.xcconfig */,
			);
			name = Pods;
			sourceTree = "<group>";
		};
/* End PBXGroup section */

/* Begin PBXNativeTarget section */
		3DF2318122B348D80036A9D7 /* SwiftyWeather */ = {
			isa = PBXNativeTarget;
			buildConfigurationList = 3DF2319422B348DF0036A9D7 /* Build configuration list for PBXNativeTarget "SwiftyWeather" */;
			buildPhases = (
				9329A96D7DA7B01AEF5AA814 /* [CP] Check Pods Manifest.lock */,
				3DF2317E22B348D80036A9D7 /* Sources */,
				3DF2317F22B348D80036A9D7 /* Frameworks */,
				3DF2318022B348D80036A9D7 /* Resources */,
				2088A7B74492873D9563BB3F /* [CP] Embed Pods Frameworks */,
			);
			buildRules = (
			);
			dependencies = (
			);
			name = SwiftyWeather;
			productName = SwiftyWeather;
			productReference = 3DF2318222B348D80036A9D7 /* SwiftyWeather.app */;
			productType = "com.apple.product-type.application";
		};
/* End PBXNativeTarget section */

/* Begin PBXProject section */
		3DF2317A22B348D70036A9D7 /* Project object */ = {
			isa = PBXProject;
			attributes = {
				LastSwiftUpdateCheck = 1020;
				LastUpgradeCheck = 1020;
				ORGANIZATIONNAME = apple;
				TargetAttributes = {
					3DF2318122B348D80036A9D7 = {
						CreatedOnToolsVersion = 10.2.1;
					};
				};
			};
			buildConfigurationList = 3DF2317D22B348D80036A9D7 /* Build configuration list for PBXProject "SwiftyWeather" */;
			compatibilityVersion = "Xcode 9.3";
			developmentRegion = en;
			hasScannedForEncodings = 0;
			knownRegions = (
				en,
				Base,
			);
			mainGroup = 3DF2317922B348D70036A9D7;
			productRefGroup = 3DF2318322B348D80036A9D7 /* Products */;
			projectDirPath = "";
			projectRoot = "";
			targets = (
				3DF2318122B348D80036A9D7 /* SwiftyWeather */,
			);
		};
/* End PBXProject section */

/* Begin PBXResourcesBuildPhase section */
		3DF2318022B348D80036A9D7 /* Resources */ = {
			isa = PBXResourcesBuildPhase;
			buildActionMask = 2147483647;
			files = (
				3DF2319022B348DF0036A9D7 /* LaunchScreen.storyboard in Resources */,
				3DF2318D22B348DF0036A9D7 /* Assets.xcassets in Resources */,
			);
			runOnlyForDeploymentPostprocessing = 0;
		};
/* End PBXResourcesBuildPhase section */

/* Begin PBXShellScriptBuildPhase section */
		2088A7B74492873D9563BB3F /* [CP] Embed Pods Frameworks */ = {
			isa = PBXShellScriptBuildPhase;
			buildActionMask = 2147483647;
			files = (
			);
			inputPaths = (
				"${SRCROOT}/Pods/Target Support Files/Pods-SwiftyWeather/Pods-SwiftyWeather-frameworks.sh",
				"${BUILT_PRODUCTS_DIR}/Alamofire/Alamofire.framework",
				"${BUILT_PRODUCTS_DIR}/AlamofireObjectMapper/AlamofireObjectMapper.framework",
				"${BUILT_PRODUCTS_DIR}/ObjectMapper/ObjectMapper.framework",
				"${BUILT_PRODUCTS_DIR}/SnapKit/SnapKit.framework",
				"${BUILT_PRODUCTS_DIR}/SwiftyJSON/SwiftyJSON.framework",
			);
			name = "[CP] Embed Pods Frameworks";
			outputPaths = (
				"${TARGET_BUILD_DIR}/${FRAMEWORKS_FOLDER_PATH}/Alamofire.framework",
				"${TARGET_BUILD_DIR}/${FRAMEWORKS_FOLDER_PATH}/AlamofireObjectMapper.framework",
				"${TARGET_BUILD_DIR}/${FRAMEWORKS_FOLDER_PATH}/ObjectMapper.framework",
				"${TARGET_BUILD_DIR}/${FRAMEWORKS_FOLDER_PATH}/SnapKit.framework",
				"${TARGET_BUILD_DIR}/${FRAMEWORKS_FOLDER_PATH}/SwiftyJSON.framework",
			);
			runOnlyForDeploymentPostprocessing = 0;
			shellPath = /bin/sh;
			shellScript = "\"${SRCROOT}/Pods/Target Support Files/Pods-SwiftyWeather/Pods-SwiftyWeather-frameworks.sh\"\n";
			showEnvVarsInLog = 0;
		};
		9329A96D7DA7B01AEF5AA814 /* [CP] Check Pods Manifest.lock */ = {
			isa = PBXShellScriptBuildPhase;
			buildActionMask = 2147483647;
			files = (
			);
			inputPaths = (
				"${PODS_PODFILE_DIR_PATH}/Podfile.lock",
				"${PODS_ROOT}/Manifest.lock",
			);
			name = "[CP] Check Pods Manifest.lock";
			outputPaths = (
				"$(DERIVED_FILE_DIR)/Pods-SwiftyWeather-checkManifestLockResult.txt",
			);
			runOnlyForDeploymentPostprocessing = 0;
			shellPath = /bin/sh;
			shellScript = "diff \"${PODS_PODFILE_DIR_PATH}/Podfile.lock\" \"${PODS_ROOT}/Manifest.lock\" > /dev/null\nif [ $? != 0 ] ; then\n    # print error to STDERR\n    echo \"error: The sandbox is not in sync with the Podfile.lock. Run 'pod install' or update your CocoaPods installation.\" >&2\n    exit 1\nfi\n# This output is used by Xcode 'outputs' to avoid re-running this script phase.\necho \"SUCCESS\" > \"${SCRIPT_OUTPUT_FILE_0}\"\n";
			showEnvVarsInLog = 0;
		};
/* End PBXShellScriptBuildPhase section */

/* Begin PBXSourcesBuildPhase section */
		3DF2317E22B348D80036A9D7 /* Sources */ = {
			isa = PBXSourcesBuildPhase;
			buildActionMask = 2147483647;
			files = (
				3DF2319C22B3E5AD0036A9D7 /* DetailViewController.swift in Sources */,
				3DF231A122B3F14B0036A9D7 /* NetworkConfig.swift in Sources */,
				3DF2319F22B3EEEB0036A9D7 /* NetworkManager.swift in Sources */,
				3DF2318822B348D80036A9D7 /* HomeViewController.swift in Sources */,
				3DF231A322B48F030036A9D7 /* Weather.swift in Sources */,
				3DF2318622B348D80036A9D7 /* AppDelegate.swift in Sources */,
			);
			runOnlyForDeploymentPostprocessing = 0;
		};
/* End PBXSourcesBuildPhase section */

/* Begin PBXVariantGroup section */
		3DF2318E22B348DF0036A9D7 /* LaunchScreen.storyboard */ = {
			isa = PBXVariantGroup;
			children = (
				3DF2318F22B348DF0036A9D7 /* Base */,
			);
			name = LaunchScreen.storyboard;
			sourceTree = "<group>";
		};
/* End PBXVariantGroup section */

/* Begin XCBuildConfiguration section */
		3DF2319222B348DF0036A9D7 /* Debug */ = {
			isa = XCBuildConfiguration;
			buildSettings = {
				ALWAYS_SEARCH_USER_PATHS = NO;
				CLANG_ANALYZER_NONNULL = YES;
				CLANG_ANALYZER_NUMBER_OBJECT_CONVERSION = YES_AGGRESSIVE;
				CLANG_CXX_LANGUAGE_STANDARD = "gnu++14";
				CLANG_CXX_LIBRARY = "libc++";
				CLANG_ENABLE_MODULES = YES;
				CLANG_ENABLE_OBJC_ARC = YES;
				CLANG_ENABLE_OBJC_WEAK = YES;
				CLANG_WARN_BLOCK_CAPTURE_AUTORELEASING = YES;
				CLANG_WARN_BOOL_CONVERSION = YES;
				CLANG_WARN_COMMA = YES;
				CLANG_WARN_CONSTANT_CONVERSION = YES;
				CLANG_WARN_DEPRECATED_OBJC_IMPLEMENTATIONS = YES;
				CLANG_WARN_DIRECT_OBJC_ISA_USAGE = YES_ERROR;
				CLANG_WARN_DOCUMENTATION_COMMENTS = YES;
				CLANG_WARN_EMPTY_BODY = YES;
				CLANG_WARN_ENUM_CONVERSION = YES;
				CLANG_WARN_INFINITE_RECURSION = YES;
				CLANG_WARN_INT_CONVERSION = YES;
				CLANG_WARN_NON_LITERAL_NULL_CONVERSION = YES;
				CLANG_WARN_OBJC_IMPLICIT_RETAIN_SELF = YES;
				CLANG_WARN_OBJC_LITERAL_CONVERSION = YES;
				CLANG_WARN_OBJC_ROOT_CLASS = YES_ERROR;
				CLANG_WARN_RANGE_LOOP_ANALYSIS = YES;
				CLANG_WARN_STRICT_PROTOTYPES = YES;
				CLANG_WARN_SUSPICIOUS_MOVE = YES;
				CLANG_WARN_UNGUARDED_AVAILABILITY = YES_AGGRESSIVE;
				CLANG_WARN_UNREACHABLE_CODE = YES;
				CLANG_WARN__DUPLICATE_METHOD_MATCH = YES;
				CODE_SIGN_IDENTITY = "iPhone Developer";
				COPY_PHASE_STRIP = NO;
				DEBUG_INFORMATION_FORMAT = dwarf;
				ENABLE_STRICT_OBJC_MSGSEND = YES;
				ENABLE_TESTABILITY = YES;
				GCC_C_LANGUAGE_STANDARD = gnu11;
				GCC_DYNAMIC_NO_PIC = NO;
				GCC_NO_COMMON_BLOCKS = YES;
				GCC_OPTIMIZATION_LEVEL = 0;
				GCC_PREPROCESSOR_DEFINITIONS = (
					"DEBUG=1",
					"$(inherited)",
				);
				GCC_WARN_64_TO_32_BIT_CONVERSION = YES;
				GCC_WARN_ABOUT_RETURN_TYPE = YES_ERROR;
				GCC_WARN_UNDECLARED_SELECTOR = YES;
				GCC_WARN_UNINITIALIZED_AUTOS = YES_AGGRESSIVE;
				GCC_WARN_UNUSED_FUNCTION = YES;
				GCC_WARN_UNUSED_VARIABLE = YES;
				IPHONEOS_DEPLOYMENT_TARGET = 12.2;
				MTL_ENABLE_DEBUG_INFO = INCLUDE_SOURCE;
				MTL_FAST_MATH = YES;
				ONLY_ACTIVE_ARCH = YES;
				SDKROOT = iphoneos;
				SWIFT_ACTIVE_COMPILATION_CONDITIONS = DEBUG;
				SWIFT_OPTIMIZATION_LEVEL = "-Onone";
			};
			name = Debug;
		};
		3DF2319322B348DF0036A9D7 /* Release */ = {
			isa = XCBuildConfiguration;
			buildSettings = {
				ALWAYS_SEARCH_USER_PATHS = NO;
				CLANG_ANALYZER_NONNULL = YES;
				CLANG_ANALYZER_NUMBER_OBJECT_CONVERSION = YES_AGGRESSIVE;
				CLANG_CXX_LANGUAGE_STANDARD = "gnu++14";
				CLANG_CXX_LIBRARY = "libc++";
				CLANG_ENABLE_MODULES = YES;
				CLANG_ENABLE_OBJC_ARC = YES;
				CLANG_ENABLE_OBJC_WEAK = YES;
				CLANG_WARN_BLOCK_CAPTURE_AUTORELEASING = YES;
				CLANG_WARN_BOOL_CONVERSION = YES;
				CLANG_WARN_COMMA = YES;
				CLANG_WARN_CONSTANT_CONVERSION = YES;
				CLANG_WARN_DEPRECATED_OBJC_IMPLEMENTATIONS = YES;
				CLANG_WARN_DIRECT_OBJC_ISA_USAGE = YES_ERROR;
				CLANG_WARN_DOCUMENTATION_COMMENTS = YES;
				CLANG_WARN_EMPTY_BODY = YES;
				CLANG_WARN_ENUM_CONVERSION = YES;
				CLANG_WARN_INFINITE_RECURSION = YES;
				CLANG_WARN_INT_CONVERSION = YES;
				CLANG_WARN_NON_LITERAL_NULL_CONVERSION = YES;
				CLANG_WARN_OBJC_IMPLICIT_RETAIN_SELF = YES;
				CLANG_WARN_OBJC_LITERAL_CONVERSION = YES;
				CLANG_WARN_OBJC_ROOT_CLASS = YES_ERROR;
				CLANG_WARN_RANGE_LOOP_ANALYSIS = YES;
				CLANG_WARN_STRICT_PROTOTYPES = YES;
				CLANG_WARN_SUSPICIOUS_MOVE = YES;
				CLANG_WARN_UNGUARDED_AVAILABILITY = YES_AGGRESSIVE;
				CLANG_WARN_UNREACHABLE_CODE = YES;
				CLANG_WARN__DUPLICATE_METHOD_MATCH = YES;
				CODE_SIGN_IDENTITY = "iPhone Developer";
				COPY_PHASE_STRIP = NO;
				DEBUG_INFORMATION_FORMAT = "dwarf-with-dsym";
				ENABLE_NS_ASSERTIONS = NO;
				ENABLE_STRICT_OBJC_MSGSEND = YES;
				GCC_C_LANGUAGE_STANDARD = gnu11;
				GCC_NO_COMMON_BLOCKS = YES;
				GCC_WARN_64_TO_32_BIT_CONVERSION = YES;
				GCC_WARN_ABOUT_RETURN_TYPE = YES_ERROR;
				GCC_WARN_UNDECLARED_SELECTOR = YES;
				GCC_WARN_UNINITIALIZED_AUTOS = YES_AGGRESSIVE;
				GCC_WARN_UNUSED_FUNCTION = YES;
				GCC_WARN_UNUSED_VARIABLE = YES;
				IPHONEOS_DEPLOYMENT_TARGET = 12.2;
				MTL_ENABLE_DEBUG_INFO = NO;
				MTL_FAST_MATH = YES;
				SDKROOT = iphoneos;
				SWIFT_COMPILATION_MODE = wholemodule;
				SWIFT_OPTIMIZATION_LEVEL = "-O";
				VALIDATE_PRODUCT = YES;
			};
			name = Release;
		};
		3DF2319522B348DF0036A9D7 /* Debug */ = {
			isa = XCBuildConfiguration;
			baseConfigurationReference = 2EB1F3A3BDAE6C9C7FE005E8 /* Pods-SwiftyWeather.debug.xcconfig */;
			buildSettings = {
				ASSETCATALOG_COMPILER_APPICON_NAME = AppIcon;
				CODE_SIGN_STYLE = Automatic;
				INFOPLIST_FILE = SwiftyWeather/Info.plist;
				LD_RUNPATH_SEARCH_PATHS = (
					"$(inherited)",
					"@executable_path/Frameworks",
				);
				PRODUCT_BUNDLE_IDENTIFIER = com.apple.SwiftyWeather;
				PRODUCT_NAME = "$(TARGET_NAME)";
				SWIFT_VERSION = 5.0;
				TARGETED_DEVICE_FAMILY = "1,2";
			};
			name = Debug;
		};
		3DF2319622B348DF0036A9D7 /* Release */ = {
			isa = XCBuildConfiguration;
			baseConfigurationReference = 2FFCD3D0F219E520F2683B1C /* Pods-SwiftyWeather.release.xcconfig */;
			buildSettings = {
				ASSETCATALOG_COMPILER_APPICON_NAME = AppIcon;
				CODE_SIGN_STYLE = Automatic;
				INFOPLIST_FILE = SwiftyWeather/Info.plist;
				LD_RUNPATH_SEARCH_PATHS = (
					"$(inherited)",
					"@executable_path/Frameworks",
				);
				PRODUCT_BUNDLE_IDENTIFIER = com.apple.SwiftyWeather;
				PRODUCT_NAME = "$(TARGET_NAME)";
				SWIFT_VERSION = 5.0;
				TARGETED_DEVICE_FAMILY = "1,2";
			};
			name = Release;
		};
/* End XCBuildConfiguration section */

/* Begin XCConfigurationList section */
		3DF2317D22B348D80036A9D7 /* Build configuration list for PBXProject "SwiftyWeather" */ = {
			isa = XCConfigurationList;
			buildConfigurations = (
				3DF2319222B348DF0036A9D7 /* Debug */,
				3DF2319322B348DF0036A9D7 /* Release */,
			);
			defaultConfigurationIsVisible = 0;
			defaultConfigurationName = Release;
		};
		3DF2319422B348DF0036A9D7 /* Build configuration list for PBXNativeTarget "SwiftyWeather" */ = {
			isa = XCConfigurationList;
			buildConfigurations = (
				3DF2319522B348DF0036A9D7 /* Debug */,
				3DF2319622B348DF0036A9D7 /* Release */,
			);
			defaultConfigurationIsVisible = 0;
			defaultConfigurationName = Release;
		};
/* End XCConfigurationList section */
	};
	rootObject = 3DF2317A22B348D70036A9D7 /* Project object */;
}
